
Microsoft Visual Studio Solution File, Format Version 12.00
# Visual Studio for Mac
Project("{FAE04EC0-301F-11D3-BF4B-00C04F79EFBC}") = "Assembly-CSharp", "Assembly-CSharp.csproj", "{073EF021-7302-73F7-F14E-461527085D23}"
EndProject
Project("{FAE04EC0-301F-11D3-BF4B-00C04F79EFBC}") = "Assembly-CSharp-Editor", "Assembly-CSharp-Editor.csproj", "{95D4A897-C54A-D279-084C-275F63C808F0}"
EndProject
Global
	GlobalSection(SolutionConfigurationPlatforms) = preSolution
		Debug|Any CPU = Debug|Any CPU
		Release|Any CPU = Release|Any CPU
	EndGlobalSection
	GlobalSection(ProjectConfigurationPlatforms) = postSolution
		{073EF021-7302-73F7-F14E-461527085D23}.Debug|Any CPU.ActiveCfg = Debug|Any CPU
		{073EF021-7302-73F7-F14E-461527085D23}.Debug|Any CPU.Build.0 = Debug|Any CPU
		{073EF021-7302-73F7-F14E-461527085D23}.Release|Any CPU.ActiveCfg = Release|Any CPU
		{073EF021-7302-73F7-F14E-461527085D23}.Release|Any CPU.Build.0 = Release|Any CPU
		{95D4A897-C54A-D279-084C-275F63C808F0}.Debug|Any CPU.ActiveCfg = Debug|Any CPU
		{95D4A897-C54A-D279-084C-275F63C808F0}.Debug|Any CPU.Build.0 = Debug|Any CPU
		{95D4A897-C54A-D279-084C-275F63C808F0}.Release|Any CPU.ActiveCfg = Release|Any CPU
		{95D4A897-C54A-D279-084C-275F63C808F0}.Release|Any CPU.Build.0 = Release|Any CPU
	EndGlobalSection
	GlobalSection(SolutionProperties) = preSolution
		HideSolutionNode = FALSE
	EndGlobalSection
EndGlobal
